{
  "requires": true,
  "lockfileVersion": 1,
  "dependencies": {
    "angularx-social-login": {
      "version": "4.1.0",
      "resolved": "https://registry.npmjs.org/angularx-social-login/-/angularx-social-login-4.1.0.tgz",
      "integrity": "sha512-nSYLvGhI7MZtN/RxRie5GEl/rytIJPRPeSQSgiXbDESJC9zjuik629kqMCPnLCRk5SfTBrXSNcpZ8X/5kgsDKg==",
      "requires": {
        "tslib": "^2.0.0"
      }
    },
    "tslib": {
      "version": "2.5.3",
      "resolved": "https://registry.npmjs.org/tslib/-/tslib-2.5.3.tgz",
      "integrity": "sha512-mSxlJJwl3BMEQCUNnxXBU9jP4JBktcEGhURcPR6VQVlnP0FdDEsIaz0C35dXNGLyRfrATNofF0F5p2KPxQgB+w=="
    }
  }
}
